{
  "lockfileVersion": 1,
  "workspaces": {
    "": {
      "name": "passky-server",
      "dependencies": {
        "@rabbit-company/logger": "npm:@jsr/rabbit-company__logger",
        "@rabbit-company/openmetrics-client": "npm:@jsr/rabbit-company__openmetrics-client",
      },
      "devDependencies": {
        "@types/bun": "^1.2.10",
      },
    },
  },
  "packages": {
    "@rabbit-company/logger": ["@jsr/rabbit-company__logger@4.0.1", "https://npm.jsr.io/~/11/@jsr/rabbit-company__logger/4.0.1.tgz", {}, "sha512-57+ao14HFKs6das182eT75UprbcsPExoneHX8XL0c173VGTHq6UxcGmXIOdIE7V+jp2v8vhwUeIb+XOIDC5pDQ=="],

    "@rabbit-company/openmetrics-client": ["@jsr/rabbit-company__openmetrics-client@2.0.0", "https://npm.jsr.io/~/11/@jsr/rabbit-company__openmetrics-client/2.0.0.tgz", {}, "sha512-uQbm44vHWT42Qvb1VEsIRiH1hJzco2YQcomKlJT03RlWKZYNhNVcy5kx72SGtJ/YlcGR9/YbMhGO9oxGq6ubgQ=="],

    "@types/bun": ["@types/bun@1.2.10", "", { "dependencies": { "bun-types": "1.2.10" } }, "sha512-eilv6WFM3M0c9ztJt7/g80BDusK98z/FrFwseZgT4bXCq2vPhXD4z8R3oddmAn+R/Nmz9vBn4kweJKmGTZj+lg=="],

    "@types/node": ["@types/node@22.13.11", "", { "dependencies": { "undici-types": "~6.20.0" } }, "sha512-iEUCUJoU0i3VnrCmgoWCXttklWcvoCIx4jzcP22fioIVSdTmjgoEvmAO/QPw6TcS9k5FrNgn4w7q5lGOd1CT5g=="],

    "bun-types": ["bun-types@1.2.10", "", { "dependencies": { "@types/node": "*" } }, "sha512-b5ITZMnVdf3m1gMvJHG+gIfeJHiQPJak0f7925Hxu6ZN5VKA8AGy4GZ4lM+Xkn6jtWxg5S3ldWvfmXdvnkp3GQ=="],

    "undici-types": ["undici-types@6.20.0", "", {}, "sha512-Ny6QZ2Nju20vw1SRHe3d9jVu6gJ+4e3+MMpqu7pqE5HT6WsTSlce++GQmK5UXS8mzV8DSYHrQH+Xrf2jVcuKNg=="],
  }
}
