{
    "_readme": [
        "This file locks the dependencies of your project to a known state",
        "Read more about it at https://getcomposer.org/doc/01-basic-usage.md#installing-dependencies",
        "This file is @generated automatically"
    ],
    "content-hash": "307cf30138d7d1b48fcdda0a0cd94e24",
    "packages": [
        {
            "name": "devcoder-xyz/php-dotenv",
            "version": "2.0.0",
            "source": {
                "type": "git",
                "url": "https://github.com/devcoder-xyz/php-dotenv.git",
                "reference": "a1f3cb5e3109fd51f681b105f8b6e57a801b5108"
            },
            "dist": {
                "type": "zip",
                "url": "https://api.github.com/repos/devcoder-xyz/php-dotenv/zipball/a1f3cb5e3109fd51f681b105f8b6e57a801b5108",
                "reference": "a1f3cb5e3109fd51f681b105f8b6e57a801b5108",
                "shasum": ""
            },
            "require": {
                "php": ">=7.4"
            },
            "require-dev": {
                "phpunit/phpunit": "^9.4"
            },
            "type": "library",
            "autoload": {
                "psr-4": {
                    "DevCoder\\": "src",
                    "Test\\DevCoder\\": "tests"
                }
            },
            "notification-url": "https://packagist.org/downloads/",
            "license": [
                "MIT"
            ],
            "authors": [
                {
                    "name": "F.Michel",
                    "email": "dev@devcoder.xyz"
                }
            ],
            "description": "Parses .env files",
            "support": {
                "issues": "https://github.com/devcoder-xyz/php-dotenv/issues",
                "source": "https://github.com/devcoder-xyz/php-dotenv/tree/2.0.0"
            },
            "time": "2022-12-15T10:20:35+00:00"
        },
        {
            "name": "paragonie/constant_time_encoding",
            "version": "v2.6.3",
            "source": {
                "type": "git",
                "url": "https://github.com/paragonie/constant_time_encoding.git",
                "reference": "58c3f47f650c94ec05a151692652a868995d2938"
            },
            "dist": {
                "type": "zip",
                "url": "https://api.github.com/repos/paragonie/constant_time_encoding/zipball/58c3f47f650c94ec05a151692652a868995d2938",
                "reference": "58c3f47f650c94ec05a151692652a868995d2938",
                "shasum": ""
            },
            "require": {
                "php": "^7|^8"
            },
            "require-dev": {
                "phpunit/phpunit": "^6|^7|^8|^9",
                "vimeo/psalm": "^1|^2|^3|^4"
            },
            "type": "library",
            "autoload": {
                "psr-4": {
                    "ParagonIE\\ConstantTime\\": "src/"
                }
            },
            "notification-url": "https://packagist.org/downloads/",
            "license": [
                "MIT"
            ],
            "authors": [
                {
                    "name": "Paragon Initiative Enterprises",
                    "email": "security@paragonie.com",
                    "homepage": "https://paragonie.com",
                    "role": "Maintainer"
                },
                {
                    "name": "Steve 'Sc00bz' Thomas",
                    "email": "steve@tobtu.com",
                    "homepage": "https://www.tobtu.com",
                    "role": "Original Developer"
                }
            ],
            "description": "Constant-time Implementations of RFC 4648 Encoding (Base-64, Base-32, Base-16)",
            "keywords": [
                "base16",
                "base32",
                "base32_decode",
                "base32_encode",
                "base64",
                "base64_decode",
                "base64_encode",
                "bin2hex",
                "encoding",
                "hex",
                "hex2bin",
                "rfc4648"
            ],
            "support": {
                "email": "info@paragonie.com",
                "issues": "https://github.com/paragonie/constant_time_encoding/issues",
                "source": "https://github.com/paragonie/constant_time_encoding"
            },
            "time": "2022-06-14T06:56:20+00:00"
        },
        {
            "name": "phpmailer/phpmailer",
            "version": "v6.7.1",
            "source": {
                "type": "git",
                "url": "https://github.com/PHPMailer/PHPMailer.git",
                "reference": "49cd7ea3d2563f028d7811f06864a53b1f15ff55"
            },
            "dist": {
                "type": "zip",
                "url": "https://api.github.com/repos/PHPMailer/PHPMailer/zipball/49cd7ea3d2563f028d7811f06864a53b1f15ff55",
                "reference": "49cd7ea3d2563f028d7811f06864a53b1f15ff55",
                "shasum": ""
            },
            "require": {
                "ext-ctype": "*",
                "ext-filter": "*",
                "ext-hash": "*",
                "php": ">=5.5.0"
            },
            "require-dev": {
                "dealerdirect/phpcodesniffer-composer-installer": "^0.7.2",
                "doctrine/annotations": "^1.2.6 || ^1.13.3",
                "php-parallel-lint/php-console-highlighter": "^1.0.0",
                "php-parallel-lint/php-parallel-lint": "^1.3.2",
                "phpcompatibility/php-compatibility": "^9.3.5",
                "roave/security-advisories": "dev-latest",
                "squizlabs/php_codesniffer": "^3.7.1",
                "yoast/phpunit-polyfills": "^1.0.4"
            },
            "suggest": {
                "ext-mbstring": "Needed to send email in multibyte encoding charset or decode encoded addresses",
                "ext-openssl": "Needed for secure SMTP sending and DKIM signing",
                "greew/oauth2-azure-provider": "Needed for Microsoft Azure XOAUTH2 authentication",
                "hayageek/oauth2-yahoo": "Needed for Yahoo XOAUTH2 authentication",
                "league/oauth2-google": "Needed for Google XOAUTH2 authentication",
                "psr/log": "For optional PSR-3 debug logging",
                "symfony/polyfill-mbstring": "To support UTF-8 if the Mbstring PHP extension is not enabled (^1.2)",
                "thenetworg/oauth2-azure": "Needed for Microsoft XOAUTH2 authentication"
            },
            "type": "library",
            "autoload": {
                "psr-4": {
                    "PHPMailer\\PHPMailer\\": "src/"
                }
            },
            "notification-url": "https://packagist.org/downloads/",
            "license": [
                "LGPL-2.1-only"
            ],
            "authors": [
                {
                    "name": "Marcus Bointon",
                    "email": "phpmailer@synchromedia.co.uk"
                },
                {
                    "name": "Jim Jagielski",
                    "email": "jimjag@gmail.com"
                },
                {
                    "name": "Andy Prevost",
                    "email": "codeworxtech@users.sourceforge.net"
                },
                {
                    "name": "Brent R. Matzelle"
                }
            ],
            "description": "PHPMailer is a full-featured email creation and transfer class for PHP",
            "support": {
                "issues": "https://github.com/PHPMailer/PHPMailer/issues",
                "source": "https://github.com/PHPMailer/PHPMailer/tree/v6.7.1"
            },
            "funding": [
                {
                    "url": "https://github.com/Synchro",
                    "type": "github"
                }
            ],
            "time": "2022-12-08T13:30:06+00:00"
        },
        {
            "name": "pragmarx/google2fa",
            "version": "v8.0.1",
            "source": {
                "type": "git",
                "url": "https://github.com/antonioribeiro/google2fa.git",
                "reference": "80c3d801b31fe165f8fe99ea085e0a37834e1be3"
            },
            "dist": {
                "type": "zip",
                "url": "https://api.github.com/repos/antonioribeiro/google2fa/zipball/80c3d801b31fe165f8fe99ea085e0a37834e1be3",
                "reference": "80c3d801b31fe165f8fe99ea085e0a37834e1be3",
                "shasum": ""
            },
            "require": {
                "paragonie/constant_time_encoding": "^1.0|^2.0",
                "php": "^7.1|^8.0"
            },
            "require-dev": {
                "phpstan/phpstan": "^0.12.18",
                "phpunit/phpunit": "^7.5.15|^8.5|^9.0"
            },
            "type": "library",
            "autoload": {
                "psr-4": {
                    "PragmaRX\\Google2FA\\": "src/"
                }
            },
            "notification-url": "https://packagist.org/downloads/",
            "license": [
                "MIT"
            ],
            "authors": [
                {
                    "name": "Antonio Carlos Ribeiro",
                    "email": "acr@antoniocarlosribeiro.com",
                    "role": "Creator & Designer"
                }
            ],
            "description": "A One Time Password Authentication package, compatible with Google Authenticator.",
            "keywords": [
                "2fa",
                "Authentication",
                "Two Factor Authentication",
                "google2fa"
            ],
            "support": {
                "issues": "https://github.com/antonioribeiro/google2fa/issues",
                "source": "https://github.com/antonioribeiro/google2fa/tree/v8.0.1"
            },
            "time": "2022-06-13T21:57:56+00:00"
        }
    ],
    "packages-dev": [],
    "aliases": [],
    "minimum-stability": "stable",
    "stability-flags": [],
    "prefer-stable": false,
    "prefer-lowest": false,
    "platform": [],
    "platform-dev": [],
    "plugin-api-version": "2.1.0"
}
